
Microsoft Visual Studio Solution File, Format Version 12.00
# Visual Studio 15
VisualStudioVersion = 15.0.28307.852
MinimumVisualStudioVersion = 10.0.40219.1
Project("{FAE04EC0-301F-11D3-BF4B-00C04F79EFBC}") = "FinsimApp", "FinsimApp\FinsimApp.csproj", "{398E8C5A-5FC0-4D8B-8316-2231CE939229}"
EndProject
Global
	GlobalSection(SolutionConfigurationPlatforms) = preSolution
		Debug|x64 = Debug|x64
		Release|x64 = Release|x64
	EndGlobalSection
	GlobalSection(ProjectConfigurationPlatforms) = postSolution
		{398E8C5A-5FC0-4D8B-8316-2231CE939229}.Debug|x64.ActiveCfg = Debug|x64
		{398E8C5A-5FC0-4D8B-8316-2231CE939229}.Debug|x64.Build.0 = Debug|x64
		{398E8C5A-5FC0-4D8B-8316-2231CE939229}.Release|x64.ActiveCfg = Release|x64
		{398E8C5A-5FC0-4D8B-8316-2231CE939229}.Release|x64.Build.0 = Release|x64
	EndGlobalSection
	GlobalSection(SolutionProperties) = preSolution
		HideSolutionNode = FALSE
	EndGlobalSection
	GlobalSection(ExtensibilityGlobals) = postSolution
		SolutionGuid = {0159BC37-0172-4534-BD37-253531F26184}
	EndGlobalSection
EndGlobal
